
Microsoft Visual Studio Solution File, Format Version 12.00
# Visual Studio Version 17
VisualStudioVersion = 17.5.33530.505
MinimumVisualStudioVersion = 10.0.40219.1
Project("{FAE04EC0-301F-11D3-BF4B-00C04F79EFBC}") = "IPRDontWrithe", "IPRDontWrithe\IPRDontWrithe.csproj", "{81818CCB-84A0-49F1-B022-EDB4B50F7458}"
EndProject
Global
	GlobalSection(SolutionConfigurationPlatforms) = preSolution
		Debug|Any CPU = Debug|Any CPU
		Release|Any CPU = Release|Any CPU
	EndGlobalSection
	GlobalSection(ProjectConfigurationPlatforms) = postSolution
		{81818CCB-84A0-49F1-B022-EDB4B50F7458}.Debug|Any CPU.ActiveCfg = Debug|Any CPU
		{81818CCB-84A0-49F1-B022-EDB4B50F7458}.Debug|Any CPU.Build.0 = Debug|Any CPU
		{81818CCB-84A0-49F1-B022-EDB4B50F7458}.Release|Any CPU.ActiveCfg = Release|Any CPU
		{81818CCB-84A0-49F1-B022-EDB4B50F7458}.Release|Any CPU.Build.0 = Release|Any CPU
	EndGlobalSection
	GlobalSection(SolutionProperties) = preSolution
		HideSolutionNode = FALSE
	EndGlobalSection
	GlobalSection(ExtensibilityGlobals) = postSolution
		SolutionGuid = {5E5A3CC4-2E8F-4C0E-A231-0F2F64DB5E33}
	EndGlobalSection
EndGlobal
